
Microsoft Visual Studio Solution File, Format Version 12.00
# Visual Studio 2012
Project("{FAE04EC0-301F-11D3-BF4B-00C04F79EFBC}") = "CustomFont", "CustomFont\CustomFont.csproj", "{19D9CEC7-632F-45E0-8CE2-DA48C637C40E}"
EndProject
Global
	GlobalSection(SolutionConfigurationPlatforms) = preSolution
		Debug|iPhoneSimulator = Debug|iPhoneSimulator
		Release|iPhone = Release|iPhone
		Release|iPhoneSimulator = Release|iPhoneSimulator
		Debug|iPhone = Debug|iPhone
	EndGlobalSection
	GlobalSection(ProjectConfigurationPlatforms) = postSolution
		{19D9CEC7-632F-45E0-8CE2-DA48C637C40E}.Debug|iPhoneSimulator.ActiveCfg = Debug|iPhoneSimulator
		{19D9CEC7-632F-45E0-8CE2-DA48C637C40E}.Debug|iPhoneSimulator.Build.0 = Debug|iPhoneSimulator
		{19D9CEC7-632F-45E0-8CE2-DA48C637C40E}.Release|iPhone.ActiveCfg = Release|iPhone
		{19D9CEC7-632F-45E0-8CE2-DA48C637C40E}.Release|iPhone.Build.0 = Release|iPhone
		{19D9CEC7-632F-45E0-8CE2-DA48C637C40E}.Release|iPhoneSimulator.ActiveCfg = Release|iPhoneSimulator
		{19D9CEC7-632F-45E0-8CE2-DA48C637C40E}.Release|iPhoneSimulator.Build.0 = Release|iPhoneSimulator
		{19D9CEC7-632F-45E0-8CE2-DA48C637C40E}.Debug|iPhone.ActiveCfg = Debug|iPhone
		{19D9CEC7-632F-45E0-8CE2-DA48C637C40E}.Debug|iPhone.Build.0 = Debug|iPhone
	EndGlobalSection
EndGlobal
